
Microsoft Visual Studio Solution File, Format Version 12.00
# Visual Studio 2012
Project("{FAE04EC0-301F-11D3-BF4B-00C04F79EFBC}") = "comicDownLoad", "httpdownload\comicDownLoad.csproj", "{CE12F109-0A9F-4209-A2A2-D53A1CF561E0}"
EndProject
Global
	GlobalSection(SolutionConfigurationPlatforms) = preSolution
		Debug|Any CPU = Debug|Any CPU
		Release|Any CPU = Release|Any CPU
	EndGlobalSection
	GlobalSection(ProjectConfigurationPlatforms) = postSolution
		{CE12F109-0A9F-4209-A2A2-D53A1CF561E0}.Debug|Any CPU.ActiveCfg = Debug|Any CPU
		{CE12F109-0A9F-4209-A2A2-D53A1CF561E0}.Debug|Any CPU.Build.0 = Debug|Any CPU
		{CE12F109-0A9F-4209-A2A2-D53A1CF561E0}.Release|Any CPU.ActiveCfg = Release|Any CPU
		{CE12F109-0A9F-4209-A2A2-D53A1CF561E0}.Release|Any CPU.Build.0 = Release|Any CPU
	EndGlobalSection
	GlobalSection(SolutionProperties) = preSolution
		HideSolutionNode = FALSE
	EndGlobalSection
EndGlobal
